<Solution>
  <Folder Name="/src/">
    <Project Path="src/NextDrop.Api/NextDrop.Api.csproj" />
    <Project Path="src/NextDrop.Infrastructure/NextDrop.Infrastructure.csproj" />
    <Project Path="src/NextDrop.SharedKernel/NextDrop.SharedKernel.csproj" />
  </Folder>
  <Folder Name="/src/Modules/" />
  <Folder Name="/src/Modules/Catalog/">
    <Project Path="src/Modules/Catalog/NextDrop.Modules.Catalog.Application/NextDrop.Modules.Catalog.Application.csproj" />
    <Project Path="src/Modules/Catalog/NextDrop.Modules.Catalog.Domain/NextDrop.Modules.Catalog.Domain.csproj" />
    <Project Path="src/Modules/Catalog/NextDrop.Modules.Catalog.Infrastructure/NextDrop.Modules.Catalog.Infrastructure.csproj" />
  </Folder>
  <Folder Name="/src/Modules/Customers/">
    <Project Path="src/Modules/Customers/NextDrop.Modules.Customers.Application/NextDrop.Modules.Customers.Application.csproj" />
    <Project Path="src/Modules/Customers/NextDrop.Modules.Customers.Domain/NextDrop.Modules.Customers.Domain.csproj" />
    <Project Path="src/Modules/Customers/NextDrop.Modules.Customers.Infrastructure/NextDrop.Modules.Customers.Infrastructure.csproj" />
  </Folder>
  <Folder Name="/src/Modules/Delivery/">
    <Project Path="src/Modules/Delivery/NextDrop.Modules.Delivery.Application/NextDrop.Modules.Delivery.Application.csproj" />
    <Project Path="src/Modules/Delivery/NextDrop.Modules.Delivery.Domain/NextDrop.Modules.Delivery.Domain.csproj" />
    <Project Path="src/Modules/Delivery/NextDrop.Modules.Delivery.Infrastructure/NextDrop.Modules.Delivery.Infrastructure.csproj" />
  </Folder>
  <Folder Name="/src/Modules/Discovery/">
    <Project Path="src/Modules/Discovery/NextDrop.Modules.Discovery.Application/NextDrop.Modules.Discovery.Application.csproj" />
    <Project Path="src/Modules/Discovery/NextDrop.Modules.Discovery.Domain/NextDrop.Modules.Discovery.Domain.csproj" />
    <Project Path="src/Modules/Discovery/NextDrop.Modules.Discovery.Infrastructure/NextDrop.Modules.Discovery.Infrastructure.csproj" />
  </Folder>
  <Folder Name="/src/Modules/Identity/">
    <Project Path="src/Modules/Identity/NextDrop.Modules.Identity.Application/NextDrop.Modules.Identity.Application.csproj" />
    <Project Path="src/Modules/Identity/NextDrop.Modules.Identity.Domain/NextDrop.Modules.Identity.Domain.csproj" />
    <Project Path="src/Modules/Identity/NextDrop.Modules.Identity.Infrastructure/NextDrop.Modules.Identity.Infrastructure.csproj" />
  </Folder>
  <Folder Name="/src/Modules/Notifications/">
    <Project Path="src/Modules/Notifications/NextDrop.Modules.Notifications.Application/NextDrop.Modules.Notifications.Application.csproj" />
    <Project Path="src/Modules/Notifications/NextDrop.Modules.Notifications.Domain/NextDrop.Modules.Notifications.Domain.csproj" />
    <Project Path="src/Modules/Notifications/NextDrop.Modules.Notifications.Infrastructure/NextDrop.Modules.Notifications.Infrastructure.csproj" />
  </Folder>
  <Folder Name="/src/Modules/Orders/">
    <Project Path="src/Modules/Orders/NextDrop.Modules.Orders.Application/NextDrop.Modules.Orders.Application.csproj" />
    <Project Path="src/Modules/Orders/NextDrop.Modules.Orders.Domain/NextDrop.Modules.Orders.Domain.csproj" />
    <Project Path="src/Modules/Orders/NextDrop.Modules.Orders.Infrastructure/NextDrop.Modules.Orders.Infrastructure.csproj" />
  </Folder>
  <Folder Name="/src/Modules/Payments/">
    <Project Path="src/Modules/Payments/NextDrop.Modules.Payments.Application/NextDrop.Modules.Payments.Application.csproj" />
    <Project Path="src/Modules/Payments/NextDrop.Modules.Payments.Domain/NextDrop.Modules.Payments.Domain.csproj" />
    <Project Path="src/Modules/Payments/NextDrop.Modules.Payments.Infrastructure/NextDrop.Modules.Payments.Infrastructure.csproj" />
  </Folder>
  <Folder Name="/src/Modules/Restaurants/">
    <Project Path="src/Modules/Restaurants/NextDrop.Modules.Restaurants.Application/NextDrop.Modules.Restaurants.Application.csproj" />
    <Project Path="src/Modules/Restaurants/NextDrop.Modules.Restaurants.Domain/NextDrop.Modules.Restaurants.Domain.csproj" />
    <Project Path="src/Modules/Restaurants/NextDrop.Modules.Restaurants.Infrastructure/NextDrop.Modules.Restaurants.Infrastructure.csproj" />
  </Folder>
  <Folder Name="/tests/">
    <Project Path="tests/NextDrop.Api.Tests/NextDrop.Api.Tests.csproj" />
    <Project Path="tests/NextDrop.Application.Tests/NextDrop.Application.Tests.csproj" />
    <Project Path="tests/NextDrop.Architecture.Tests/NextDrop.Architecture.Tests.csproj" />
    <Project Path="tests/NextDrop.Domain.Tests/NextDrop.Domain.Tests.csproj" />
    <Project Path="tests/NextDrop.Infrastructure.Tests/NextDrop.Infrastructure.Tests.csproj" />
  </Folder>
</Solution>
